
Microsoft Visual Studio Solution File, Format Version 12.00
# Visual Studio Version 16
VisualStudioVersion = 16.0.30320.27
MinimumVisualStudioVersion = 10.0.40219.1
Project("{FAE04EC0-301F-11D3-BF4B-00C04F79EFBC}") = "Core3Angular8", "Core3Angular8.csproj", "{6F6CF93A-3679-47A2-9EB5-4D60E2227700}"
EndProject
Global
	GlobalSection(SolutionConfigurationPlatforms) = preSolution
		Debug|Any CPU = Debug|Any CPU
		Release|Any CPU = Release|Any CPU
	EndGlobalSection
	GlobalSection(ProjectConfigurationPlatforms) = postSolution
		{6F6CF93A-3679-47A2-9EB5-4D60E2227700}.Debug|Any CPU.ActiveCfg = Debug|Any CPU
		{6F6CF93A-3679-47A2-9EB5-4D60E2227700}.Debug|Any CPU.Build.0 = Debug|Any CPU
		{6F6CF93A-3679-47A2-9EB5-4D60E2227700}.Release|Any CPU.ActiveCfg = Release|Any CPU
		{6F6CF93A-3679-47A2-9EB5-4D60E2227700}.Release|Any CPU.Build.0 = Release|Any CPU
	EndGlobalSection
	GlobalSection(SolutionProperties) = preSolution
		HideSolutionNode = FALSE
	EndGlobalSection
	GlobalSection(ExtensibilityGlobals) = postSolution
		SolutionGuid = {6E68E951-BFBE-453F-9372-9E739E5A20CF}
	EndGlobalSection
EndGlobal
